
Microsoft Visual Studio Solution File, Format Version 12.00
# Visual Studio 15
VisualStudioVersion = 15.0.28307.489
MinimumVisualStudioVersion = 10.0.40219.1
Project("{FAE04EC0-301F-11D3-BF4B-00C04F79EFBC}") = "YuangungunServer", "YuangungunServer\YuangungunServer.csproj", "{4EF50545-71BE-4D91-8C2F-B0128A1BCB4D}"
EndProject
Global
	GlobalSection(SolutionConfigurationPlatforms) = preSolution
		Debug|Any CPU = Debug|Any CPU
		Release|Any CPU = Release|Any CPU
	EndGlobalSection
	GlobalSection(ProjectConfigurationPlatforms) = postSolution
		{4EF50545-71BE-4D91-8C2F-B0128A1BCB4D}.Debug|Any CPU.ActiveCfg = Debug|Any CPU
		{4EF50545-71BE-4D91-8C2F-B0128A1BCB4D}.Debug|Any CPU.Build.0 = Debug|Any CPU
		{4EF50545-71BE-4D91-8C2F-B0128A1BCB4D}.Release|Any CPU.ActiveCfg = Release|Any CPU
		{4EF50545-71BE-4D91-8C2F-B0128A1BCB4D}.Release|Any CPU.Build.0 = Release|Any CPU
	EndGlobalSection
	GlobalSection(SolutionProperties) = preSolution
		HideSolutionNode = FALSE
	EndGlobalSection
	GlobalSection(ExtensibilityGlobals) = postSolution
		SolutionGuid = {975F889F-6BB8-494C-AFC0-5594B55DFB00}
	EndGlobalSection
EndGlobal
